
Microsoft Visual Studio Solution File, Format Version 12.00
# Visual Studio Version 16
VisualStudioVersion = 16.0.30204.135
MinimumVisualStudioVersion = 10.0.40219.1
Project("{FAE04EC0-301F-11D3-BF4B-00C04F79EFBC}") = "WebApplication1", "WebApplication1.csproj", "{D3BA2CB4-5275-453B-82A8-87BBE16863E0}"
EndProject
Global
	GlobalSection(SolutionConfigurationPlatforms) = preSolution
		Debug|Any CPU = Debug|Any CPU
		Release|Any CPU = Release|Any CPU
	EndGlobalSection
	GlobalSection(ProjectConfigurationPlatforms) = postSolution
		{D3BA2CB4-5275-453B-82A8-87BBE16863E0}.Debug|Any CPU.ActiveCfg = Debug|Any CPU
		{D3BA2CB4-5275-453B-82A8-87BBE16863E0}.Debug|Any CPU.Build.0 = Debug|Any CPU
		{D3BA2CB4-5275-453B-82A8-87BBE16863E0}.Release|Any CPU.ActiveCfg = Release|Any CPU
		{D3BA2CB4-5275-453B-82A8-87BBE16863E0}.Release|Any CPU.Build.0 = Release|Any CPU
	EndGlobalSection
	GlobalSection(SolutionProperties) = preSolution
		HideSolutionNode = FALSE
	EndGlobalSection
	GlobalSection(ExtensibilityGlobals) = postSolution
		SolutionGuid = {E5A5981A-A00B-4382-B9F1-E8F70D27DA44}
	EndGlobalSection
EndGlobal
